// !$*UTF8*$!
{
	archiveVersion = 1;
	classes = {
	};
	objectVersion = 46;
	objects = {

/* Begin PBXBuildFile section */
		6FC833A41CF81E9300F00807 /* GZPopMenu.swift in Sources */ = {isa = PBXBuildFile; fileRef = 6FC833A31CF81E9300F00807 /* GZPopMenu.swift */; };
		6FFB29351CED52420074043D /* AppDelegate.swift in Sources */ = {isa = PBXBuildFile; fileRef = 6FFB29341CED52420074043D /* AppDelegate.swift */; };
		6FFB29371CED52420074043D /* ViewController.swift in Sources */ = {isa = PBXBuildFile; fileRef = 6FFB29361CED52420074043D /* ViewController.swift */; };
		6FFB293A1CED52420074043D /* Main.storyboard in Resources */ = {isa = PBXBuildFile; fileRef = 6FFB29381CED52420074043D /* Main.storyboard */; };
		6FFB293C1CED52420074043D /* Assets.xcassets in Resources */ = {isa = PBXBuildFile; fileRef = 6FFB293B1CED52420074043D /* Assets.xcassets */; };
		6FFB293F1CED52420074043D /* LaunchScreen.storyboard in Resources */ = {isa = PBXBuildFile; fileRef = 6FFB293D1CED52420074043D /* LaunchScreen.storyboard */; };
		6FFB294A1CED52420074043D /* GZPopMenuTests.swift in Sources */ = {isa = PBXBuildFile; fileRef = 6FFB29491CED52420074043D /* GZPopMenuTests.swift */; };
		6FFB29551CED52420074043D /* GZPopMenuUITests.swift in Sources */ = {isa = PBXBuildFile; fileRef = 6FFB29541CED52420074043D /* GZPopMenuUITests.swift */; };
/* End PBXBuildFile section */

/* Begin PBXContainerItemProxy section */
		6FFB29461CED52420074043D /* PBXContainerItemProxy */ = {
			isa = PBXContainerItemProxy;
			containerPortal = 6FFB29291CED52420074043D /* Project object */;
			proxyType = 1;
			remoteGlobalIDString = 6FFB29301CED52420074043D;
			remoteInfo = GZPopMenu;
		};
		6FFB29511CED52420074043D /* PBXContainerItemProxy */ = {
			isa = PBXContainerItemProxy;
			containerPortal = 6FFB29291CED52420074043D /* Project object */;
			proxyType = 1;
			remoteGlobalIDString = 6FFB29301CED52420074043D;
			remoteInfo = GZPopMenu;
		};
/* End PBXContainerItemProxy section */

/* Begin PBXFileReference section */
		6FC833A31CF81E9300F00807 /* GZPopMenu.swift */ = {isa = PBXFileReference; fileEncoding = 4; lastKnownFileType = sourcecode.swift; path = GZPopMenu.swift; sourceTree = "<group>"; };
		6FFB29311CED52420074043D /* GZPopMenu.app */ = {isa = PBXFileReference; explicitFileType = wrapper.application; includeInIndex = 0; path = GZPopMenu.app; sourceTree = BUILT_PRODUCTS_DIR; };
		6FFB29341CED52420074043D /* AppDelegate.swift */ = {isa = PBXFileReference; lastKnownFileType = sourcecode.swift; path = AppDelegate.swift; sourceTree = "<group>"; };
		6FFB29361CED52420074043D /* ViewController.swift */ = {isa = PBXFileReference; lastKnownFileType = sourcecode.swift; path = ViewController.swift; sourceTree = "<group>"; };
		6FFB29391CED52420074043D /* Base */ = {isa = PBXFileReference; lastKnownFileType = file.storyboard; name = Base; path = Base.lproj/Main.storyboard; sourceTree = "<group>"; };
		6FFB293B1CED52420074043D /* Assets.xcassets */ = {isa = PBXFileReference; lastKnownFileType = folder.assetcatalog; path = Assets.xcassets; sourceTree = "<group>"; };
		6FFB293E1CED52420074043D /* Base */ = {isa = PBXFileReference; lastKnownFileType = file.storyboard; name = Base; path = Base.lproj/LaunchScreen.storyboard; sourceTree = "<group>"; };
		6FFB29401CED52420074043D /* Info.plist */ = {isa = PBXFileReference; lastKnownFileType = text.plist.xml; path = Info.plist; sourceTree = "<group>"; };
		6FFB29451CED52420074043D /* GZPopMenuTests.xctest */ = {isa = PBXFileReference; explicitFileType = wrapper.cfbundle; includeInIndex = 0; path = GZPopMenuTests.xctest; sourceTree = BUILT_PRODUCTS_DIR; };
		6FFB29491CED52420074043D /* GZPopMenuTests.swift */ = {isa = PBXFileReference; lastKnownFileType = sourcecode.swift; path = GZPopMenuTests.swift; sourceTree = "<group>"; };
		6FFB294B1CED52420074043D /* Info.plist */ = {isa = PBXFileReference; lastKnownFileType = text.plist.xml; path = Info.plist; sourceTree = "<group>"; };
		6FFB29501CED52420074043D /* GZPopMenuUITests.xctest */ = {isa = PBXFileReference; explicitFileType = wrapper.cfbundle; includeInIndex = 0; path = GZPopMenuUITests.xctest; sourceTree = BUILT_PRODUCTS_DIR; };
		6FFB29541CED52420074043D /* GZPopMenuUITests.swift */ = {isa = PBXFileReference; lastKnownFileType = sourcecode.swift; path = GZPopMenuUITests.swift; sourceTree = "<group>"; };
		6FFB29561CED52420074043D /* Info.plist */ = {isa = PBXFileReference; lastKnownFileType = text.plist.xml; path = Info.plist; sourceTree = "<group>"; };
/* End PBXFileReference section */

/* Begin PBXFrameworksBuildPhase section */
		6FFB292E1CED52420074043D /* Frameworks */ = {
			isa = PBXFrameworksBuildPhase;
			buildActionMask = 2147483647;
			files = (
			);
			runOnlyForDeploymentPostprocessing = 0;
		};
		6FFB29421CED52420074043D /* Frameworks */ = {
			isa = PBXFrameworksBuildPhase;
			buildActionMask = 2147483647;
			files = (
			);
			runOnlyForDeploymentPostprocessing = 0;
		};
		6FFB294D1CED52420074043D /* Frameworks */ = {
			isa = PBXFrameworksBuildPhase;
			buildActionMask = 2147483647;
			files = (
			);
			runOnlyForDeploymentPostprocessing = 0;
		};
/* End PBXFrameworksBuildPhase section */

/* Begin PBXGroup section */
		6FFB29281CED52420074043D = {
			isa = PBXGroup;
			children = (
				6FFB29331CED52420074043D /* GZPopMenu */,
				6FFB29481CED52420074043D /* GZPopMenuTests */,
				6FFB29531CED52420074043D /* GZPopMenuUITests */,
				6FFB29321CED52420074043D /* Products */,
			);
			sourceTree = "<group>";
		};
		6FFB29321CED52420074043D /* Products */ = {
			isa = PBXGroup;
			children = (
				6FFB29311CED52420074043D /* GZPopMenu.app */,
				6FFB29451CED52420074043D /* GZPopMenuTests.xctest */,
				6FFB29501CED52420074043D /* GZPopMenuUITests.xctest */,
			);
			name = Products;
			sourceTree = "<group>";
		};
		6FFB29331CED52420074043D /* GZPopMenu */ = {
			isa = PBXGroup;
			children = (
				6FFB29341CED52420074043D /* AppDelegate.swift */,
				6FFB29361CED52420074043D /* ViewController.swift */,
				6FC833A31CF81E9300F00807 /* GZPopMenu.swift */,
				6FFB29381CED52420074043D /* Main.storyboard */,
				6FFB293B1CED52420074043D /* Assets.xcassets */,
				6FFB293D1CED52420074043D /* LaunchScreen.storyboard */,
				6FFB29401CED52420074043D /* Info.plist */,
			);
			path = GZPopMenu;
			sourceTree = "<group>";
		};
		6FFB29481CED52420074043D /* GZPopMenuTests */ = {
			isa = PBXGroup;
			children = (
				6FFB29491CED52420074043D /* GZPopMenuTests.swift */,
				6FFB294B1CED52420074043D /* Info.plist */,
			);
			path = GZPopMenuTests;
			sourceTree = "<group>";
		};
		6FFB29531CED52420074043D /* GZPopMenuUITests */ = {
			isa = PBXGroup;
			children = (
				6FFB29541CED52420074043D /* GZPopMenuUITests.swift */,
				6FFB29561CED52420074043D /* Info.plist */,
			);
			path = GZPopMenuUITests;
			sourceTree = "<group>";
		};
/* End PBXGroup section */

/* Begin PBXNativeTarget section */
		6FFB29301CED52420074043D /* GZPopMenu */ = {
			isa = PBXNativeTarget;
			buildConfigurationList = 6FFB29591CED52420074043D /* Build configuration list for PBXNativeTarget "GZPopMenu" */;
			buildPhases = (
				6FFB292D1CED52420074043D /* Sources */,
				6FFB292E1CED52420074043D /* Frameworks */,
				6FFB292F1CED52420074043D /* Resources */,
			);
			buildRules = (
			);
			dependencies = (
			);
			name = GZPopMenu;
			productName = GZPopMenu;
			productReference = 6FFB29311CED52420074043D /* GZPopMenu.app */;
			productType = "com.apple.product-type.application";
		};
		6FFB29441CED52420074043D /* GZPopMenuTests */ = {
			isa = PBXNativeTarget;
			buildConfigurationList = 6FFB295C1CED52420074043D /* Build configuration list for PBXNativeTarget "GZPopMenuTests" */;
			buildPhases = (
				6FFB29411CED52420074043D /* Sources */,
				6FFB29421CED52420074043D /* Frameworks */,
				6FFB29431CED52420074043D /* Resources */,
			);
			buildRules = (
			);
			dependencies = (
				6FFB29471CED52420074043D /* PBXTargetDependency */,
			);
			name = GZPopMenuTests;
			productName = GZPopMenuTests;
			productReference = 6FFB29451CED52420074043D /* GZPopMenuTests.xctest */;
			productType = "com.apple.product-type.bundle.unit-test";
		};
		6FFB294F1CED52420074043D /* GZPopMenuUITests */ = {
			isa = PBXNativeTarget;
			buildConfigurationList = 6FFB295F1CED52420074043D /* Build configuration list for PBXNativeTarget "GZPopMenuUITests" */;
			buildPhases = (
				6FFB294C1CED52420074043D /* Sources */,
				6FFB294D1CED52420074043D /* Frameworks */,
				6FFB294E1CED52420074043D /* Resources */,
			);
			buildRules = (
			);
			dependencies = (
				6FFB29521CED52420074043D /* PBXTargetDependency */,
			);
			name = GZPopMenuUITests;
			productName = GZPopMenuUITests;
			productReference = 6FFB29501CED52420074043D /* GZPopMenuUITests.xctest */;
			productType = "com.apple.product-type.bundle.ui-testing";
		};
/* End PBXNativeTarget section */

/* Begin PBXProject section */
		6FFB29291CED52420074043D /* Project object */ = {
			isa = PBXProject;
			attributes = {
				LastSwiftUpdateCheck = 0730;
				LastUpgradeCheck = 0730;
				ORGANIZATIONNAME = "李果洲";
				TargetAttributes = {
					6FFB29301CED52420074043D = {
						CreatedOnToolsVersion = 7.3;
					};
					6FFB29441CED52420074043D = {
						CreatedOnToolsVersion = 7.3;
						TestTargetID = 6FFB29301CED52420074043D;
					};
					6FFB294F1CED52420074043D = {
						CreatedOnToolsVersion = 7.3;
						TestTargetID = 6FFB29301CED52420074043D;
					};
				};
			};
			buildConfigurationList = 6FFB292C1CED52420074043D /* Build configuration list for PBXProject "GZPopMenu" */;
			compatibilityVersion = "Xcode 3.2";
			developmentRegion = English;
			hasScannedForEncodings = 0;
			knownRegions = (
				en,
				Base,
			);
			mainGroup = 6FFB29281CED52420074043D;
			productRefGroup = 6FFB29321CED52420074043D /* Products */;
			projectDirPath = "";
			projectRoot = "";
			targets = (
				6FFB29301CED52420074043D /* GZPopMenu */,
				6FFB29441CED52420074043D /* GZPopMenuTests */,
				6FFB294F1CED52420074043D /* GZPopMenuUITests */,
			);
		};
/* End PBXProject section */

/* Begin PBXResourcesBuildPhase section */
		6FFB292F1CED52420074043D /* Resources */ = {
			isa = PBXResourcesBuildPhase;
			buildActionMask = 2147483647;
			files = (
				6FFB293F1CED52420074043D /* LaunchScreen.storyboard in Resources */,
				6FFB293C1CED52420074043D /* Assets.xcassets in Resources */,
				6FFB293A1CED52420074043D /* Main.storyboard in Resources */,
			);
			runOnlyForDeploymentPostprocessing = 0;
		};
		6FFB29431CED52420074043D /* Resources */ = {
			isa = PBXResourcesBuildPhase;
			buildActionMask = 2147483647;
			files = (
			);
			runOnlyForDeploymentPostprocessing = 0;
		};
		6FFB294E1CED52420074043D /* Resources */ = {
			isa = PBXResourcesBuildPhase;
			buildActionMask = 2147483647;
			files = (
			);
			runOnlyForDeploymentPostprocessing = 0;
		};
/* End PBXResourcesBuildPhase section */

/* Begin PBXSourcesBuildPhase section */
		6FFB292D1CED52420074043D /* Sources */ = {
			isa = PBXSourcesBuildPhase;
			buildActionMask = 2147483647;
			files = (
				6FC833A41CF81E9300F00807 /* GZPopMenu.swift in Sources */,
				6FFB29371CED52420074043D /* ViewController.swift in Sources */,
				6FFB29351CED52420074043D /* AppDelegate.swift in Sources */,
			);
			runOnlyForDeploymentPostprocessing = 0;
		};
		6FFB29411CED52420074043D /* Sources */ = {
			isa = PBXSourcesBuildPhase;
			buildActionMask = 2147483647;
			files = (
				6FFB294A1CED52420074043D /* GZPopMenuTests.swift in Sources */,
			);
			runOnlyForDeploymentPostprocessing = 0;
		};
		6FFB294C1CED52420074043D /* Sources */ = {
			isa = PBXSourcesBuildPhase;
			buildActionMask = 2147483647;
			files = (
				6FFB29551CED52420074043D /* GZPopMenuUITests.swift in Sources */,
			);
			runOnlyForDeploymentPostprocessing = 0;
		};
/* End PBXSourcesBuildPhase section */

/* Begin PBXTargetDependency section */
		6FFB29471CED52420074043D /* PBXTargetDependency */ = {
			isa = PBXTargetDependency;
			target = 6FFB29301CED52420074043D /* GZPopMenu */;
			targetProxy = 6FFB29461CED52420074043D /* PBXContainerItemProxy */;
		};
		6FFB29521CED52420074043D /* PBXTargetDependency */ = {
			isa = PBXTargetDependency;
			target = 6FFB29301CED52420074043D /* GZPopMenu */;
			targetProxy = 6FFB29511CED52420074043D /* PBXContainerItemProxy */;
		};
/* End PBXTargetDependency section */

/* Begin PBXVariantGroup section */
		6FFB29381CED52420074043D /* Main.storyboard */ = {
			isa = PBXVariantGroup;
			children = (
				6FFB29391CED52420074043D /* Base */,
			);
			name = Main.storyboard;
			sourceTree = "<group>";
		};
		6FFB293D1CED52420074043D /* LaunchScreen.storyboard */ = {
			isa = PBXVariantGroup;
			children = (
				6FFB293E1CED52420074043D /* Base */,
			);
			name = LaunchScreen.storyboard;
			sourceTree = "<group>";
		};
/* End PBXVariantGroup section */

/* Begin XCBuildConfiguration section */
		6FFB29571CED52420074043D /* Debug */ = {
			isa = XCBuildConfiguration;
			buildSettings = {
				ALWAYS_SEARCH_USER_PATHS = NO;
				CLANG_ANALYZER_NONNULL = YES;
				CLANG_CXX_LANGUAGE_STANDARD = "gnu++0x";
				CLANG_CXX_LIBRARY = "libc++";
				CLANG_ENABLE_MODULES = YES;
				CLANG_ENABLE_OBJC_ARC = YES;
				CLANG_WARN_BOOL_CONVERSION = YES;
				CLANG_WARN_CONSTANT_CONVERSION = YES;
				CLANG_WARN_DIRECT_OBJC_ISA_USAGE = YES_ERROR;
				CLANG_WARN_EMPTY_BODY = YES;
				CLANG_WARN_ENUM_CONVERSION = YES;
				CLANG_WARN_INT_CONVERSION = YES;
				CLANG_WARN_OBJC_ROOT_CLASS = YES_ERROR;
				CLANG_WARN_UNREACHABLE_CODE = YES;
				CLANG_WARN__DUPLICATE_METHOD_MATCH = YES;
				"CODE_SIGN_IDENTITY[sdk=iphoneos*]" = "iPhone Developer";
				COPY_PHASE_STRIP = NO;
				DEBUG_INFORMATION_FORMAT = dwarf;
				ENABLE_STRICT_OBJC_MSGSEND = YES;
				ENABLE_TESTABILITY = YES;
				GCC_C_LANGUAGE_STANDARD = gnu99;
				GCC_DYNAMIC_NO_PIC = NO;
				GCC_NO_COMMON_BLOCKS = YES;
				GCC_OPTIMIZATION_LEVEL = 0;
				GCC_PREPROCESSOR_DEFINITIONS = (
					"DEBUG=1",
					"$(inherited)",
				);
				GCC_WARN_64_TO_32_BIT_CONVERSION = YES;
				GCC_WARN_ABOUT_RETURN_TYPE = YES_ERROR;
				GCC_WARN_UNDECLARED_SELECTOR = YES;
				GCC_WARN_UNINITIALIZED_AUTOS = YES_AGGRESSIVE;
				GCC_WARN_UNUSED_FUNCTION = YES;
				GCC_WARN_UNUSED_VARIABLE = YES;
				IPHONEOS_DEPLOYMENT_TARGET = 9.3;
				MTL_ENABLE_DEBUG_INFO = YES;
				ONLY_ACTIVE_ARCH = YES;
				SDKROOT = iphoneos;
				SWIFT_OPTIMIZATION_LEVEL = "-Onone";
				TARGETED_DEVICE_FAMILY = "1,2";
			};
			name = Debug;
		};
		6FFB29581CED52420074043D /* Release */ = {
			isa = XCBuildConfiguration;
			buildSettings = {
				ALWAYS_SEARCH_USER_PATHS = NO;
				CLANG_ANALYZER_NONNULL = YES;
				CLANG_CXX_LANGUAGE_STANDARD = "gnu++0x";
				CLANG_CXX_LIBRARY = "libc++";
				CLANG_ENABLE_MODULES = YES;
				CLANG_ENABLE_OBJC_ARC = YES;
				CLANG_WARN_BOOL_CONVERSION = YES;
				CLANG_WARN_CONSTANT_CONVERSION = YES;
				CLANG_WARN_DIRECT_OBJC_ISA_USAGE = YES_ERROR;
				CLANG_WARN_EMPTY_BODY = YES;
				CLANG_WARN_ENUM_CONVERSION = YES;
				CLANG_WARN_INT_CONVERSION = YES;
				CLANG_WARN_OBJC_ROOT_CLASS = YES_ERROR;
				CLANG_WARN_UNREACHABLE_CODE = YES;
				CLANG_WARN__DUPLICATE_METHOD_MATCH = YES;
				"CODE_SIGN_IDENTITY[sdk=iphoneos*]" = "iPhone Developer";
				COPY_PHASE_STRIP = NO;
				DEBUG_INFORMATION_FORMAT = "dwarf-with-dsym";
				ENABLE_NS_ASSERTIONS = NO;
				ENABLE_STRICT_OBJC_MSGSEND = YES;
				GCC_C_LANGUAGE_STANDARD = gnu99;
				GCC_NO_COMMON_BLOCKS = YES;
				GCC_WARN_64_TO_32_BIT_CONVERSION = YES;
				GCC_WARN_ABOUT_RETURN_TYPE = YES_ERROR;
				GCC_WARN_UNDECLARED_SELECTOR = YES;
				GCC_WARN_UNINITIALIZED_AUTOS = YES_AGGRESSIVE;
				GCC_WARN_UNUSED_FUNCTION = YES;
				GCC_WARN_UNUSED_VARIABLE = YES;
				IPHONEOS_DEPLOYMENT_TARGET = 9.3;
				MTL_ENABLE_DEBUG_INFO = NO;
				SDKROOT = iphoneos;
				TARGETED_DEVICE_FAMILY = "1,2";
				VALIDATE_PRODUCT = YES;
			};
			name = Release;
		};
		6FFB295A1CED52420074043D /* Debug */ = {
			isa = XCBuildConfiguration;
			buildSettings = {
				ASSETCATALOG_COMPILER_APPICON_NAME = AppIcon;
				INFOPLIST_FILE = GZPopMenu/Info.plist;
				LD_RUNPATH_SEARCH_PATHS = "$(inherited) @executable_path/Frameworks";
				PRODUCT_BUNDLE_IDENTIFIER = come.orieange.GZPopMenu;
				PRODUCT_NAME = "$(TARGET_NAME)";
			};
			name = Debug;
		};
		6FFB295B1CED52420074043D /* Release */ = {
			isa = XCBuildConfiguration;
			buildSettings = {
				ASSETCATALOG_COMPILER_APPICON_NAME = AppIcon;
				INFOPLIST_FILE = GZPopMenu/Info.plist;
				LD_RUNPATH_SEARCH_PATHS = "$(inherited) @executable_path/Frameworks";
				PRODUCT_BUNDLE_IDENTIFIER = come.orieange.GZPopMenu;
				PRODUCT_NAME = "$(TARGET_NAME)";
			};
			name = Release;
		};
		6FFB295D1CED52420074043D /* Debug */ = {
			isa = XCBuildConfiguration;
			buildSettings = {
				BUNDLE_LOADER = "$(TEST_HOST)";
				INFOPLIST_FILE = GZPopMenuTests/Info.plist;
				LD_RUNPATH_SEARCH_PATHS = "$(inherited) @executable_path/Frameworks @loader_path/Frameworks";
				PRODUCT_BUNDLE_IDENTIFIER = come.orieange.GZPopMenuTests;
				PRODUCT_NAME = "$(TARGET_NAME)";
				TEST_HOST = "$(BUILT_PRODUCTS_DIR)/GZPopMenu.app/GZPopMenu";
			};
			name = Debug;
		};
		6FFB295E1CED52420074043D /* Release */ = {
			isa = XCBuildConfiguration;
			buildSettings = {
				BUNDLE_LOADER = "$(TEST_HOST)";
				INFOPLIST_FILE = GZPopMenuTests/Info.plist;
				LD_RUNPATH_SEARCH_PATHS = "$(inherited) @executable_path/Frameworks @loader_path/Frameworks";
				PRODUCT_BUNDLE_IDENTIFIER = come.orieange.GZPopMenuTests;
				PRODUCT_NAME = "$(TARGET_NAME)";
				TEST_HOST = "$(BUILT_PRODUCTS_DIR)/GZPopMenu.app/GZPopMenu";
			};
			name = Release;
		};
		6FFB29601CED52420074043D /* Debug */ = {
			isa = XCBuildConfiguration;
			buildSettings = {
				INFOPLIST_FILE = GZPopMenuUITests/Info.plist;
				LD_RUNPATH_SEARCH_PATHS = "$(inherited) @executable_path/Frameworks @loader_path/Frameworks";
				PRODUCT_BUNDLE_IDENTIFIER = come.orieange.GZPopMenuUITests;
				PRODUCT_NAME = "$(TARGET_NAME)";
				TEST_TARGET_NAME = GZPopMenu;
			};
			name = Debug;
		};
		6FFB29611CED52420074043D /* Release */ = {
			isa = XCBuildConfiguration;
			buildSettings = {
				INFOPLIST_FILE = GZPopMenuUITests/Info.plist;
				LD_RUNPATH_SEARCH_PATHS = "$(inherited) @executable_path/Frameworks @loader_path/Frameworks";
				PRODUCT_BUNDLE_IDENTIFIER = come.orieange.GZPopMenuUITests;
				PRODUCT_NAME = "$(TARGET_NAME)";
				TEST_TARGET_NAME = GZPopMenu;
			};
			name = Release;
		};
/* End XCBuildConfiguration section */

/* Begin XCConfigurationList section */
		6FFB292C1CED52420074043D /* Build configuration list for PBXProject "GZPopMenu" */ = {
			isa = XCConfigurationList;
			buildConfigurations = (
				6FFB29571CED52420074043D /* Debug */,
				6FFB29581CED52420074043D /* Release */,
			);
			defaultConfigurationIsVisible = 0;
			defaultConfigurationName = Release;
		};
		6FFB29591CED52420074043D /* Build configuration list for PBXNativeTarget "GZPopMenu" */ = {
			isa = XCConfigurationList;
			buildConfigurations = (
				6FFB295A1CED52420074043D /* Debug */,
				6FFB295B1CED52420074043D /* Release */,
			);
			defaultConfigurationIsVisible = 0;
			defaultConfigurationName = Release;
		};
		6FFB295C1CED52420074043D /* Build configuration list for PBXNativeTarget "GZPopMenuTests" */ = {
			isa = XCConfigurationList;
			buildConfigurations = (
				6FFB295D1CED52420074043D /* Debug */,
				6FFB295E1CED52420074043D /* Release */,
			);
			defaultConfigurationIsVisible = 0;
			defaultConfigurationName = Release;
		};
		6FFB295F1CED52420074043D /* Build configuration list for PBXNativeTarget "GZPopMenuUITests" */ = {
			isa = XCConfigurationList;
			buildConfigurations = (
				6FFB29601CED52420074043D /* Debug */,
				6FFB29611CED52420074043D /* Release */,
			);
			defaultConfigurationIsVisible = 0;
			defaultConfigurationName = Release;
		};
/* End XCConfigurationList section */
	};
	rootObject = 6FFB29291CED52420074043D /* Project object */;
}
